
Microsoft Visual Studio Solution File, Format Version 12.00
# Visual Studio 14
VisualStudioVersion = 14.0.23107.0
MinimumVisualStudioVersion = 10.0.40219.1
Project("{FAE04EC0-301F-11D3-BF4B-00C04F79EFBC}") = "Generator", "Generator\Generator.csproj", "{4EA78FD8-3B51-402F-A067-B6E0DF0B72D7}"
EndProject
Project("{2150E333-8FDC-42A3-9474-1A3956D46DE8}") = "Solution Items", "Solution Items", "{6BB53A60-7EA6-4754-8044-34034C2BBDF2}"
EndProject
Project("{FAE04EC0-301F-11D3-BF4B-00C04F79EFBC}") = "SXE", "SXE\SXE.csproj", "{B57B6B37-D742-4B8C-98BF-0FD887EDD172}"
EndProject
Project("{FAE04EC0-301F-11D3-BF4B-00C04F79EFBC}") = "Quantifai", "..\Quantifai\Quantifai\Quantifai.csproj", "{DB15036C-4A2F-43BE-B07A-F58B87525711}"
EndProject
Global
	GlobalSection(SolutionConfigurationPlatforms) = preSolution
		Debug|Any CPU = Debug|Any CPU
		Release|Any CPU = Release|Any CPU
	EndGlobalSection
	GlobalSection(ProjectConfigurationPlatforms) = postSolution
		{4EA78FD8-3B51-402F-A067-B6E0DF0B72D7}.Debug|Any CPU.ActiveCfg = Debug|Any CPU
		{4EA78FD8-3B51-402F-A067-B6E0DF0B72D7}.Debug|Any CPU.Build.0 = Debug|Any CPU
		{4EA78FD8-3B51-402F-A067-B6E0DF0B72D7}.Release|Any CPU.ActiveCfg = Release|Any CPU
		{4EA78FD8-3B51-402F-A067-B6E0DF0B72D7}.Release|Any CPU.Build.0 = Release|Any CPU
		{B57B6B37-D742-4B8C-98BF-0FD887EDD172}.Debug|Any CPU.ActiveCfg = Debug|Any CPU
		{B57B6B37-D742-4B8C-98BF-0FD887EDD172}.Debug|Any CPU.Build.0 = Debug|Any CPU
		{B57B6B37-D742-4B8C-98BF-0FD887EDD172}.Release|Any CPU.ActiveCfg = Release|Any CPU
		{B57B6B37-D742-4B8C-98BF-0FD887EDD172}.Release|Any CPU.Build.0 = Release|Any CPU
		{DB15036C-4A2F-43BE-B07A-F58B87525711}.Debug|Any CPU.ActiveCfg = Debug|Any CPU
		{DB15036C-4A2F-43BE-B07A-F58B87525711}.Debug|Any CPU.Build.0 = Debug|Any CPU
		{DB15036C-4A2F-43BE-B07A-F58B87525711}.Release|Any CPU.ActiveCfg = Release|Any CPU
		{DB15036C-4A2F-43BE-B07A-F58B87525711}.Release|Any CPU.Build.0 = Release|Any CPU
	EndGlobalSection
	GlobalSection(SolutionProperties) = preSolution
		HideSolutionNode = FALSE
	EndGlobalSection
EndGlobal
