
Microsoft Visual Studio Solution File, Format Version 12.00
# Visual Studio 2015
Project("{FAE04EC0-301F-11D3-BF4B-00C04F79EFBC}") = "Uniweb.CSharp", "Uniweb.CSharp.csproj", "{A7E579B0-207A-4946-762C-4B09AE317ACA}"
EndProject
Project("{FAE04EC0-301F-11D3-BF4B-00C04F79EFBC}") = "Uniweb.CSharp.Editor", "Uniweb.CSharp.Editor.csproj", "{37673A9D-A7FB-688B-6D9A-FC810DBD0927}"
EndProject
Global
	GlobalSection(SolutionConfigurationPlatforms) = preSolution
		Debug|Any CPU = Debug|Any CPU
		Release|Any CPU = Release|Any CPU
	EndGlobalSection
	GlobalSection(ProjectConfigurationPlatforms) = postSolution
		{A7E579B0-207A-4946-762C-4B09AE317ACA}.Debug|Any CPU.ActiveCfg = Debug|Any CPU
		{A7E579B0-207A-4946-762C-4B09AE317ACA}.Debug|Any CPU.Build.0 = Debug|Any CPU
		{A7E579B0-207A-4946-762C-4B09AE317ACA}.Release|Any CPU.ActiveCfg = Release|Any CPU
		{A7E579B0-207A-4946-762C-4B09AE317ACA}.Release|Any CPU.Build.0 = Release|Any CPU
		{37673A9D-A7FB-688B-6D9A-FC810DBD0927}.Debug|Any CPU.ActiveCfg = Debug|Any CPU
		{37673A9D-A7FB-688B-6D9A-FC810DBD0927}.Debug|Any CPU.Build.0 = Debug|Any CPU
		{37673A9D-A7FB-688B-6D9A-FC810DBD0927}.Release|Any CPU.ActiveCfg = Release|Any CPU
		{37673A9D-A7FB-688B-6D9A-FC810DBD0927}.Release|Any CPU.Build.0 = Release|Any CPU
	EndGlobalSection
	GlobalSection(SolutionProperties) = preSolution
		HideSolutionNode = FALSE
	EndGlobalSection
EndGlobal
